lockfileVersion: 5.3

specifiers:
  '@koa/cors': ^3.1.0
  '@types/koa-router': ^7.4.4
  '@types/node': ^16.9.4
  koa: ^2.13.1
  koa-body: ^4.2.0
  koa-logger: ^3.2.1
  koa-router: ^10.0.0
  nodemon: ^2.0.12
  ts-node: ^10.7.0
  typescript: ^4.4.3

dependencies:
  '@koa/cors': 3.3.0
  '@types/koa-router': 7.4.4
  koa: 2.13.4
  koa-body: 4.2.0
  koa-logger: 3.2.1
  koa-router: 10.1.1
  ts-node: 10.7.0_fd4b5ff48b408bf425abfec4a641da13

devDependencies:
  '@types/node': 16.11.33
  nodemon: 2.0.16
  typescript: 4.6.4

packages:

  /@cspotcode/source-map-consumer/0.8.0:
    resolution: {integrity: sha1-M79LeznBeIIWBvZpu8RHpqYpeGs=}
    engines: {node: '>= 12'}
    dev: false

  /@cspotcode/source-map-support/0.7.0:
    resolution: {integrity: sha1-R4mECqhZ5G0vMXNyercHxmvzRPU=}
    engines: {node: '>=12'}
    dependencies:
      '@cspotcode/source-map-consumer': 0.8.0
    dev: false

  /@koa/cors/3.3.0:
    resolution: {integrity: sha512-lzlkqLlL5Ond8jb6JLnVVDmD2OPym0r5kvZlMgAWiS9xle+Q5ulw1T358oW+RVguxUkANquZQz82i/STIRmsqQ==}
    engines: {node: '>= 8.0.0'}
    dependencies:
      vary: 1.1.2
    dev: false

  /@sindresorhus/is/0.14.0:
    resolution: {integrity: sha512-9NET910DNaIPngYnLLPeg+Ogzqsi9uM4mSboU5y6p8S5DzMTVEsJZrawi+BoDNUVBa2DhJqQYUFvMDfgU062LQ==}
    engines: {node: '>=6'}
    dev: true

  /@szmarczak/http-timer/1.1.2:
    resolution: {integrity: sha512-XIB2XbzHTN6ieIjfIMV9hlVcfPU26s2vafYWQcZHWXHOxiaRZYEDKEwdl129Zyg50+foYV2jCgtrqSA6qNuNSA==}
    engines: {node: '>=6'}
    dependencies:
      defer-to-connect: 1.1.3
    dev: true

  /@tsconfig/node10/1.0.8:
    resolution: {integrity: sha1-weToDW+WT77LM1nEO9SLQPfK2tk=}
    dev: false

  /@tsconfig/node12/1.0.9:
    resolution: {integrity: sha1-YsH23uLr2a6tgNw6+laBDljhoEw=}
    dev: false

  /@tsconfig/node14/1.0.1:
    resolution: {integrity: sha1-lfLRZ/+5uNIGiwsjUwL6/U33EfI=}
    dev: false

  /@tsconfig/node16/1.0.2:
    resolution: {integrity: sha1-Qjx3h30Fadsg4fyAiFrEEYMUAQ4=}
    dev: false

  /@types/accepts/1.3.5:
    resolution: {integrity: sha512-jOdnI/3qTpHABjM5cx1Hc0sKsPoYCp+DP/GJRGtDlPd7fiV9oXGGIcjW/ZOxLIvjGz8MA+uMZI9metHlgqbgwQ==}
    dependencies:
      '@types/node': 16.11.33
    dev: false

  /@types/body-parser/1.19.2:
    resolution: {integrity: sha1-rqIFnii3ZYY5CBNHrE+rPeFm5vA=}
    dependencies:
      '@types/connect': 3.4.35
      '@types/node': 16.11.33
    dev: false

  /@types/connect/3.4.35:
    resolution: {integrity: sha1-X89q5EXkAh0fwiGaSHPMc6O7KtE=}
    dependencies:
      '@types/node': 16.11.33
    dev: false

  /@types/content-disposition/0.5.4:
    resolution: {integrity: sha1-3kjPAcecnxVgvP2K5DIXqwKGV/g=}
    dev: false

  /@types/cookies/0.7.7:
    resolution: {integrity: sha1-epJFPR0WOJwFpTAe71ZvNJRs/YE=}
    dependencies:
      '@types/connect': 3.4.35
      '@types/express': 4.17.13
      '@types/keygrip': 1.0.2
      '@types/node': 16.11.33
    dev: false

  /@types/express-serve-static-core/4.17.28:
    resolution: {integrity: sha512-P1BJAEAW3E2DJUlkgq4tOL3RyMunoWXqbSCygWo5ZIWTjUgN1YnaXWW4VWl/oc8vs/XoYibEGBKP0uZyF4AHig==}
    dependencies:
      '@types/node': 16.11.33
      '@types/qs': 6.9.7
      '@types/range-parser': 1.2.4
    dev: false

  /@types/express/4.17.13:
    resolution: {integrity: sha1-p24plXKJmbq1GjP6vOHXBaNwkDQ=}
    dependencies:
      '@types/body-parser': 1.19.2
      '@types/express-serve-static-core': 4.17.28
      '@types/qs': 6.9.7
      '@types/serve-static': 1.13.10
    dev: false

  /@types/formidable/1.2.5:
    resolution: {integrity: sha1-Vh0Cbl8JF55cjvezHo9GUuEavkw=}
    dependencies:
      '@types/node': 16.11.33
    dev: false

  /@types/http-assert/1.5.3:
    resolution: {integrity: sha1-7449Go1Gw4fwSrDy6KuMsMUHhmE=}
    dev: false

  /@types/http-errors/1.8.2:
    resolution: {integrity: sha512-EqX+YQxINb+MeXaIqYDASb6U6FCHbWjkj4a1CKDBks3d/QiB2+PqBLyO72vLDgAO1wUI4O+9gweRcQK11bTL/w==}
    dev: false

  /@types/keygrip/1.0.2:
    resolution: {integrity: sha1-UTq/0lbXrQvx7hhzYGMXszsbKnI=}
    dev: false

  /@types/koa-compose/3.2.5:
    resolution: {integrity: sha1-hesugKxQvpXzfM+MQHwJu+NGjp0=}
    dependencies:
      '@types/koa': 2.13.4
    dev: false

  /@types/koa-router/7.4.4:
    resolution: {integrity: sha1-23K942FjZddPABeNXyQ8T859pXI=}
    dependencies:
      '@types/koa': 2.13.4
    dev: false

  /@types/koa/2.13.4:
    resolution: {integrity: sha1-EGILPySoAn71y66Is5PRsxIFcms=}
    dependencies:
      '@types/accepts': 1.3.5
      '@types/content-disposition': 0.5.4
      '@types/cookies': 0.7.7
      '@types/http-assert': 1.5.3
      '@types/http-errors': 1.8.2
      '@types/keygrip': 1.0.2
      '@types/koa-compose': 3.2.5
      '@types/node': 16.11.33
    dev: false

  /@types/mime/1.3.2:
    resolution: {integrity: sha1-k+Jb+e51/g/YC1lLxP6w6GIRG1o=}
    dev: false

  /@types/node/16.11.33:
    resolution: {integrity: sha512-0PJ0vg+JyU0MIan58IOIFRtSvsb7Ri+7Wltx2qAg94eMOrpg4+uuP3aUHCpxXc1i0jCXiC+zIamSZh3l9AbcQA==}

  /@types/qs/6.9.7:
    resolution: {integrity: sha1-Y7t9Bn2xB8weRXwwO8JdUR/r9ss=}
    dev: false

  /@types/range-parser/1.2.4:
    resolution: {integrity: sha1-zWZ7z90CUhOq+3ylkVqTJZCs3Nw=}
    dev: false

  /@types/serve-static/1.13.10:
    resolution: {integrity: sha1-9eDOh5fS18xevtpIpSyWxPpHqNk=}
    dependencies:
      '@types/mime': 1.3.2
      '@types/node': 16.11.33
    dev: false

  /abbrev/1.1.1:
    resolution: {integrity: sha512-nne9/IiQ/hzIhY6pdDnbBtz7DjPTKrY00P/zvPSm5pOFkl6xuGrGnXn/VtTNNfNtAfZ9/1RtehkszU9qcTii0Q==}
    dev: true

  /accepts/1.3.8:
    resolution: {integrity: sha512-PYAthTa2m2VKxuvSD3DPC/Gy+U+sOA1LAuT8mkmRuvw+NACSaeXEQ+NHcVF7rONl6qcaxV3Uuemwawk+7+SJLw==}
    engines: {node: '>= 0.6'}
    dependencies:
      mime-types: 2.1.35
      negotiator: 0.6.3
    dev: false

  /acorn-walk/8.2.0:
    resolution: {integrity: sha1-dBIQ8uJCZFRQiFOi9E0KuDt/acE=}
    engines: {node: '>=0.4.0'}
    dev: false

  /acorn/8.7.1:
    resolution: {integrity: sha512-Xx54uLJQZ19lKygFXOWsscKUbsBZW0CPykPhVQdhIeIwrbPmJzqeASDInc8nKBnp/JT6igTs82qPXz069H8I/A==}
    engines: {node: '>=0.4.0'}
    hasBin: true
    dev: false

  /ansi-align/3.0.1:
    resolution: {integrity: sha1-DN8S4RGs53OobpofrRIlxDyxmlk=}
    dependencies:
      string-width: 4.2.3
    dev: true

  /ansi-regex/5.0.1:
    resolution: {integrity: sha1-CCyyyJyf6GWaMRpTvWpNxTAdswQ=}
    engines: {node: '>=8'}
    dev: true

  /ansi-styles/3.2.1:
    resolution: {integrity: sha512-VT0ZI6kZRdTh8YyJw3SMbYm/u+NqfsAxEpWO0Pf9sq8/e94WxxOpPKx9FR1FlyCtOVDNOQ+8ntlqFxiRc+r5qA==}
    engines: {node: '>=4'}
    dependencies:
      color-convert: 1.9.3
    dev: false

  /ansi-styles/4.3.0:
    resolution: {integrity: sha1-7dgDYornHATIWuegkG7a00tkiTc=}
    engines: {node: '>=8'}
    dependencies:
      color-convert: 2.0.1
    dev: true

  /anymatch/3.1.2:
    resolution: {integrity: sha1-wFV8CWrzLxBhmPT04qODU343hxY=}
    engines: {node: '>= 8'}
    dependencies:
      normalize-path: 3.0.0
      picomatch: 2.3.1
    dev: true

  /arg/4.1.3:
    resolution: {integrity: sha1-Jp/HrVuOQstjyJbVZmAXJhwUQIk=}
    dev: false

  /balanced-match/1.0.2:
    resolution: {integrity: sha1-6D46fj8wCzTLnYf2FfoMvzV2kO4=}
    dev: true

  /binary-extensions/2.2.0:
    resolution: {integrity: sha1-dfUC7q+f/eQvyYgpZFvk6na9ni0=}
    engines: {node: '>=8'}
    dev: true

  /boxen/5.1.2:
    resolution: {integrity: sha1-eIy2hvyDwfSG36ikDGj8K4MdK1A=}
    engines: {node: '>=10'}
    dependencies:
      ansi-align: 3.0.1
      camelcase: 6.3.0
      chalk: 4.1.2
      cli-boxes: 2.2.1
      string-width: 4.2.3
      type-fest: 0.20.2
      widest-line: 3.1.0
      wrap-ansi: 7.0.0
    dev: true

  /brace-expansion/1.1.11:
    resolution: {integrity: sha512-iCuPHDFgrHX7H2vEI/5xpz07zSHB00TpugqhmYtVmMO6518mCuRMoOYFldEBl0g187ufozdaHgWKcYFb61qGiA==}
    dependencies:
      balanced-match: 1.0.2
      concat-map: 0.0.1
    dev: true

  /braces/3.0.2:
    resolution: {integrity: sha512-b8um+L1RzM3WDSzvhm6gIz1yfTbBt6YTlcEKAvsmqCZZFw46z626lVj9j1yEPW33H5H+lBQpZMP1k8l+78Ha0A==}
    engines: {node: '>=8'}
    dependencies:
      fill-range: 7.0.1
    dev: true

  /bytes/3.1.2:
    resolution: {integrity: sha512-/Nf7TyzTx6S3yRJObOAV7956r8cr2+Oj8AC5dt8wSP3BQAoeX58NoHyCU8P8zGkNXStjTSi6fzO6F0pBdcYbEg==}
    engines: {node: '>= 0.8'}
    dev: false

  /cache-content-type/1.0.1:
    resolution: {integrity: sha512-IKufZ1o4Ut42YUrZSo8+qnMTrFuKkvyoLXUywKz9GJ5BrhOFGhLdkx9sG4KAnVvbY6kEcSFjLQul+DVmBm2bgA==}
    engines: {node: '>= 6.0.0'}
    dependencies:
      mime-types: 2.1.35
      ylru: 1.3.2
    dev: false

  /cacheable-request/6.1.0:
    resolution: {integrity: sha1-IP+4vRYrpL4R6VZ9gj22UQUsqRI=}
    engines: {node: '>=8'}
    dependencies:
      clone-response: 1.0.2
      get-stream: 5.2.0
      http-cache-semantics: 4.1.0
      keyv: 3.1.0
      lowercase-keys: 2.0.0
      normalize-url: 4.5.1
      responselike: 1.0.2
    dev: true

  /call-bind/1.0.2:
    resolution: {integrity: sha1-sdTonmiBGcPJqQOtMKuy9qkZvjw=}
    dependencies:
      function-bind: 1.1.1
      get-intrinsic: 1.1.1
    dev: false

  /camelcase/6.3.0:
    resolution: {integrity: sha512-Gmy6FhYlCY7uOElZUSbxo2UCDH8owEk996gkbrpsgGtrJLM3J7jGxl9Ic7Qwwj4ivOE5AWZWRMecDdF7hqGjFA==}
    engines: {node: '>=10'}
    dev: true

  /chalk/2.4.2:
    resolution: {integrity: sha512-Mti+f9lpJNcwF4tWV8/OrTTtF1gZi+f8FqlyAdouralcFWFQWF2+NgCHShjkCb+IFBLq9buZwE1xckQU4peSuQ==}
    engines: {node: '>=4'}
    dependencies:
      ansi-styles: 3.2.1
      escape-string-regexp: 1.0.5
      supports-color: 5.5.0
    dev: false

  /chalk/4.1.2:
    resolution: {integrity: sha1-qsTit3NKdAhnrrFr8CqtVWoeegE=}
    engines: {node: '>=10'}
    dependencies:
      ansi-styles: 4.3.0
      supports-color: 7.2.0
    dev: true

  /chokidar/3.5.3:
    resolution: {integrity: sha512-Dr3sfKRP6oTcjf2JmUmFJfeVMvXBdegxB0iVQ5eb2V10uFJUCAS8OByZdVAyVb8xXNz3GjjTgj9kLWsZTqE6kw==}
    engines: {node: '>= 8.10.0'}
    dependencies:
      anymatch: 3.1.2
      braces: 3.0.2
      glob-parent: 5.1.2
      is-binary-path: 2.1.0
      is-glob: 4.0.3
      normalize-path: 3.0.0
      readdirp: 3.6.0
    optionalDependencies:
      fsevents: 2.3.2
    dev: true

  /ci-info/2.0.0:
    resolution: {integrity: sha512-5tK7EtrZ0N+OLFMthtqOj4fI2Jeb88C4CAZPu25LDVUgXJ0A3Js4PMGqrn0JU1W0Mh1/Z8wZzYPxqUrXeBboCQ==}
    dev: true

  /cli-boxes/2.2.1:
    resolution: {integrity: sha1-3dUDXSUJT84iDpyrQKRYQKRAMY8=}
    engines: {node: '>=6'}
    dev: true

  /clone-response/1.0.2:
    resolution: {integrity: sha1-0dyXOSAxTfZ/vrlCI7TuNQI56Ws=}
    dependencies:
      mimic-response: 1.0.1
    dev: true

  /co-body/5.2.0:
    resolution: {integrity: sha512-sX/LQ7LqUhgyaxzbe7IqwPeTr2yfpfUIQ/dgpKo6ZI4y4lpQA0YxAomWIY+7I7rHWcG02PG+OuPREzMW/5tszQ==}
    dependencies:
      inflation: 2.0.0
      qs: 6.10.3
      raw-body: 2.5.1
      type-is: 1.6.18
    dev: false

  /co/4.6.0:
    resolution: {integrity: sha1-bqa989hTrlTMuOR7+gvz+QMfsYQ=}
    engines: {iojs: '>= 1.0.0', node: '>= 0.12.0'}
    dev: false

  /color-convert/1.9.3:
    resolution: {integrity: sha512-QfAUtd+vFdAtFQcC8CCyYt1fYWxSqAiK2cSD6zDB8N3cpsEBAvRxp9zOGg6G/SHHJYAT88/az/IuDGALsNVbGg==}
    dependencies:
      color-name: 1.1.3
    dev: false

  /color-convert/2.0.1:
    resolution: {integrity: sha1-ctOmjVmMm9s68q0ehPIdiWq9TeM=}
    engines: {node: '>=7.0.0'}
    dependencies:
      color-name: 1.1.4
    dev: true

  /color-name/1.1.3:
    resolution: {integrity: sha1-p9BVi9icQveV3UIyj3QIMcpTvCU=}
    dev: false

  /color-name/1.1.4:
    resolution: {integrity: sha512-dOy+3AuW3a2wNbZHIuMZpTcgjGuLU/uBL/ubcZF9OXbDo8ff4O8yVp5Bf0efS8uEoYo5q4Fx7dY9OgQGXgAsQA==}
    dev: true

  /concat-map/0.0.1:
    resolution: {integrity: sha1-2Klr13/Wjfd5OnMDajug1UBdR3s=}
    dev: true

  /configstore/5.0.1:
    resolution: {integrity: sha1-02UCG130uYzdGH1qOw4/anzF7ZY=}
    engines: {node: '>=8'}
    dependencies:
      dot-prop: 5.3.0
      graceful-fs: 4.2.10
      make-dir: 3.1.0
      unique-string: 2.0.0
      write-file-atomic: 3.0.3
      xdg-basedir: 4.0.0
    dev: true

  /content-disposition/0.5.4:
    resolution: {integrity: sha512-FveZTNuGw04cxlAiWbzi6zTAL/lhehaWbTtgluJh4/E95DqMwTmha3KZN1aAWA8cFIhHzMZUvLevkw5Rqk+tSQ==}
    engines: {node: '>= 0.6'}
    dependencies:
      safe-buffer: 5.2.1
    dev: false

  /content-type/1.0.4:
    resolution: {integrity: sha512-hIP3EEPs8tB9AT1L+NUqtwOAps4mk2Zob89MWXMHjHWg9milF/j4osnnQLXBCBFBk/tvIG/tUc9mOUJiPBhPXA==}
    engines: {node: '>= 0.6'}
    dev: false

  /cookies/0.8.0:
    resolution: {integrity: sha1-EpPOSzkXQKhAbjyYcOgoxLVPP5A=}
    engines: {node: '>= 0.8'}
    dependencies:
      depd: 2.0.0
      keygrip: 1.1.0
    dev: false

  /create-require/1.1.1:
    resolution: {integrity: sha1-wdfo8eX2z8n/ZfnNNS03NIdWwzM=}
    dev: false

  /crypto-random-string/2.0.0:
    resolution: {integrity: sha512-v1plID3y9r/lPhviJ1wrXpLeyUIGAZ2SHNYTEapm7/8A9nLPoyvVp3RK/EPFqn5kEznyWgYZNsRtYYIWbuG8KA==}
    engines: {node: '>=8'}
    dev: true

  /debug/3.2.7:
    resolution: {integrity: sha1-clgLfpFF+zm2Z2+cXl+xALk0F5o=}
    dependencies:
      ms: 2.1.3
    dev: true

  /debug/4.3.4:
    resolution: {integrity: sha512-PRWFHuSU3eDtQJPvnNY7Jcket1j0t5OuOsFzPPzsekD52Zl8qUfFIPEiswXqIvHWGVHOgX+7G/vCNNhehwxfkQ==}
    engines: {node: '>=6.0'}
    peerDependencies:
      supports-color: '*'
    peerDependenciesMeta:
      supports-color:
        optional: true
    dependencies:
      ms: 2.1.2
    dev: false

  /decompress-response/3.3.0:
    resolution: {integrity: sha1-gKTdMjdIOEv6JICDYirt7Jgq3/M=}
    engines: {node: '>=4'}
    dependencies:
      mimic-response: 1.0.1
    dev: true

  /deep-equal/1.0.1:
    resolution: {integrity: sha1-9dJgKStmDghO/0zbyfCK0yR0SLU=}
    dev: false

  /deep-extend/0.6.0:
    resolution: {integrity: sha512-LOHxIOaPYdHlJRtCQfDIVZtfw/ufM8+rVj649RIHzcm/vGwQRXFt6OPqIFWsm2XEMrNIEtWR64sY1LEKD2vAOA==}
    engines: {node: '>=4.0.0'}
    dev: true

  /defer-to-connect/1.1.3:
    resolution: {integrity: sha1-MxrgUMCNz3ifjIOnuB8O2U9KxZE=}
    dev: true

  /delegates/1.0.0:
    resolution: {integrity: sha1-hMbhWbgZBP3KWaDvRM2HDTElD5o=}
    dev: false

  /depd/1.1.2:
    resolution: {integrity: sha1-m81S4UwJd2PnSbJ0xDRu0uVgtak=}
    engines: {node: '>= 0.6'}
    dev: false

  /depd/2.0.0:
    resolution: {integrity: sha512-g7nH6P6dyDioJogAAGprGpCtVImJhpPk/roCzdb3fIh61/s/nPsfR6onyMwkCAR/OlC3yBC0lESvUoQEAssIrw==}
    engines: {node: '>= 0.8'}
    dev: false

  /destroy/1.2.0:
    resolution: {integrity: sha512-2sJGJTaXIIaR1w4iJSNoN0hnMY7Gpc/n8D4qSCJw8QqFWXf7cuAgnEHxBpweaVcPevC2l3KpjYCx3NypQQgaJg==}
    engines: {node: '>= 0.8', npm: 1.2.8000 || >= 1.4.16}
    dev: false

  /diff/4.0.2:
    resolution: {integrity: sha1-YPOuy4nV+uUgwRqhnvwruYKq3n0=}
    engines: {node: '>=0.3.1'}
    dev: false

  /dot-prop/5.3.0:
    resolution: {integrity: sha1-kMzOcIzZzYLMTcjD3dmr3VWyDog=}
    engines: {node: '>=8'}
    dependencies:
      is-obj: 2.0.0
    dev: true

  /duplexer3/0.1.4:
    resolution: {integrity: sha1-7gHdHKwO08vH/b6jfcCo8c4ALOI=}
    dev: true

  /ee-first/1.1.1:
    resolution: {integrity: sha1-WQxhFWsK4vTwJVcyoViyZrxWsh0=}
    dev: false

  /emoji-regex/8.0.0:
    resolution: {integrity: sha512-MSjYzcWNOA0ewAHpz0MxpYFvwg6yjy1NG3xteoqz644VCo/RPgnr1/GGt+ic3iJTzQ8Eu3TdM14SawnVUmGE6A==}
    dev: true

  /encodeurl/1.0.2:
    resolution: {integrity: sha1-rT/0yG7C0CkyL1oCw6mmBslbP1k=}
    engines: {node: '>= 0.8'}
    dev: false

  /end-of-stream/1.4.4:
    resolution: {integrity: sha1-WuZKX0UFe682JuwU2gyl5LJDHrA=}
    dependencies:
      once: 1.4.0
    dev: true

  /escape-goat/2.1.1:
    resolution: {integrity: sha1-Gy3HcANnbEV+x2Cy3GjttkgYhnU=}
    engines: {node: '>=8'}
    dev: true

  /escape-html/1.0.3:
    resolution: {integrity: sha1-Aljq5NPQwJdN4cFpGI7wBR0dGYg=}
    dev: false

  /escape-string-regexp/1.0.5:
    resolution: {integrity: sha1-G2HAViGQqN/2rjuyzwIAyhMLhtQ=}
    engines: {node: '>=0.8.0'}
    dev: false

  /fill-range/7.0.1:
    resolution: {integrity: sha512-qOo9F+dMUmC2Lcb4BbVvnKJxTPjCm+RRpe4gDuGrzkL7mEVl/djYSu2OdQ2Pa302N4oqkSg9ir6jaLWJ2USVpQ==}
    engines: {node: '>=8'}
    dependencies:
      to-regex-range: 5.0.1
    dev: true

  /formidable/1.2.2:
    resolution: {integrity: sha1-v2muopcpgmdfAIZTQrmCmG9rjdk=}
    dev: false

  /fresh/0.5.2:
    resolution: {integrity: sha1-PYyt2Q2XZWn6g1qx+OSyOhBWBac=}
    engines: {node: '>= 0.6'}
    dev: false

  /fsevents/2.3.2:
    resolution: {integrity: sha1-ilJveLj99GI7cJ4Ll1xSwkwC/Ro=}
    engines: {node: ^8.16.0 || ^10.6.0 || >=11.0.0}
    os: [darwin]
    requiresBuild: true
    dev: true
    optional: true

  /function-bind/1.1.1:
    resolution: {integrity: sha512-yIovAzMX49sF8Yl58fSCWJ5svSLuaibPxXQJFLmBObTuCr0Mf1KiPopGM9NiFjiYBCbfaa2Fh6breQ6ANVTI0A==}
    dev: false

  /get-intrinsic/1.1.1:
    resolution: {integrity: sha1-FfWfN2+FXERpY5SPDSTNNje0q8Y=}
    dependencies:
      function-bind: 1.1.1
      has: 1.0.3
      has-symbols: 1.0.3
    dev: false

  /get-stream/4.1.0:
    resolution: {integrity: sha512-GMat4EJ5161kIy2HevLlr4luNjBgvmj413KaQA7jt4V8B4RDsfpHk7WQ9GVqfYyyx8OS/L66Kox+rJRNklLK7w==}
    engines: {node: '>=6'}
    dependencies:
      pump: 3.0.0
    dev: true

  /get-stream/5.2.0:
    resolution: {integrity: sha1-SWaheV7lrOZecGxLe+txJX1uItM=}
    engines: {node: '>=8'}
    dependencies:
      pump: 3.0.0
    dev: true

  /glob-parent/5.1.2:
    resolution: {integrity: sha1-hpgyxYA0/mikCTwX3BXoNA2EAcQ=}
    engines: {node: '>= 6'}
    dependencies:
      is-glob: 4.0.3
    dev: true

  /global-dirs/3.0.0:
    resolution: {integrity: sha1-cKdv6E6jFas3sfVXbL3n1I73JoY=}
    engines: {node: '>=10'}
    dependencies:
      ini: 2.0.0
    dev: true

  /got/9.6.0:
    resolution: {integrity: sha512-R7eWptXuGYxwijs0eV+v3o6+XH1IqVK8dJOEecQfTmkncw9AV4dcw/Dhxi8MdlqPthxxpZyizMzyg8RTmEsG+Q==}
    engines: {node: '>=8.6'}
    dependencies:
      '@sindresorhus/is': 0.14.0
      '@szmarczak/http-timer': 1.1.2
      cacheable-request: 6.1.0
      decompress-response: 3.3.0
      duplexer3: 0.1.4
      get-stream: 4.1.0
      lowercase-keys: 1.0.1
      mimic-response: 1.0.1
      p-cancelable: 1.1.0
      to-readable-stream: 1.0.0
      url-parse-lax: 3.0.0
    dev: true

  /graceful-fs/4.2.10:
    resolution: {integrity: sha512-9ByhssR2fPVsNZj478qUUbKfmL0+t5BDVyjShtyZZLiK7ZDAArFFfopyOTj0M05wE2tJPisA4iTnnXl2YoPvOA==}
    dev: true

  /has-flag/3.0.0:
    resolution: {integrity: sha1-tdRU3CGZriJWmfNGfloH87lVuv0=}
    engines: {node: '>=4'}

  /has-flag/4.0.0:
    resolution: {integrity: sha512-EykJT/Q1KjTWctppgIAgfSO0tKVuZUjhgMr17kqTumMl6Afv3EISleU7qZUzoXDFTAHTDC4NOoG/ZxU3EvlMPQ==}
    engines: {node: '>=8'}
    dev: true

  /has-symbols/1.0.3:
    resolution: {integrity: sha512-l3LCuF6MgDNwTDKkdYGEihYjt5pRPbEg46rtlmnSPlUbgmB8LOIrKJbYYFBSbnPaJexMKtiPO8hmeRjRz2Td+A==}
    engines: {node: '>= 0.4'}
    dev: false

  /has-tostringtag/1.0.0:
    resolution: {integrity: sha1-fhM4GKfTlHNPlB5zw9P5KR5liyU=}
    engines: {node: '>= 0.4'}
    dependencies:
      has-symbols: 1.0.3
    dev: false

  /has-yarn/2.1.0:
    resolution: {integrity: sha512-UqBRqi4ju7T+TqGNdqAO0PaSVGsDGJUBQvk9eUWNGRY1CFGDzYhLWoM7JQEemnlvVcv/YEmc2wNW8BC24EnUsw==}
    engines: {node: '>=8'}
    dev: true

  /has/1.0.3:
    resolution: {integrity: sha512-f2dvO0VU6Oej7RkWJGrehjbzMAjFp5/VKPp5tTpWIV4JHHZK1/BxbFRtf/siA2SWTe09caDmVtYYzWEIbBS4zw==}
    engines: {node: '>= 0.4.0'}
    dependencies:
      function-bind: 1.1.1
    dev: false

  /http-assert/1.5.0:
    resolution: {integrity: sha1-w4nM2HrBbtLfpiRv1zuSaqAOa48=}
    engines: {node: '>= 0.8'}
    dependencies:
      deep-equal: 1.0.1
      http-errors: 1.8.1
    dev: false

  /http-cache-semantics/4.1.0:
    resolution: {integrity: sha1-SekcXL82yblLz81xwj1SSex045A=}
    dev: true

  /http-errors/1.8.1:
    resolution: {integrity: sha1-fD8oV3y8iiBziEVdvWIpXtB71ow=}
    engines: {node: '>= 0.6'}
    dependencies:
      depd: 1.1.2
      inherits: 2.0.4
      setprototypeof: 1.2.0
      statuses: 1.5.0
      toidentifier: 1.0.1
    dev: false

  /http-errors/2.0.0:
    resolution: {integrity: sha512-FtwrG/euBzaEjYeRqOgly7G0qviiXoJWnvEH2Z1plBdXgbyjv34pHTSb9zoeHMyDy33+DWy5Wt9Wo+TURtOYSQ==}
    engines: {node: '>= 0.8'}
    dependencies:
      depd: 2.0.0
      inherits: 2.0.4
      setprototypeof: 1.2.0
      statuses: 2.0.1
      toidentifier: 1.0.1
    dev: false

  /humanize-number/0.0.2:
    resolution: {integrity: sha1-EcCvakcWQ2M1iFiASPF5lUFInBg=}
    dev: false

  /iconv-lite/0.4.24:
    resolution: {integrity: sha512-v3MXnZAcvnywkTUEZomIActle7RXXeedOR31wwl7VlyoXO4Qi9arvSenNQWne1TcRwhCL1HwLI21bEqdpj8/rA==}
    engines: {node: '>=0.10.0'}
    dependencies:
      safer-buffer: 2.1.2
    dev: false

  /ignore-by-default/1.0.1:
    resolution: {integrity: sha1-SMptcvbGo68Aqa1K5odr44ieKwk=}
    dev: true

  /import-lazy/2.1.0:
    resolution: {integrity: sha1-BWmOPUXIjo1+nZLLBYTnfwlvPkM=}
    engines: {node: '>=4'}
    dev: true

  /imurmurhash/0.1.4:
    resolution: {integrity: sha1-khi5srkoojixPcT7a21XbyMUU+o=}
    engines: {node: '>=0.8.19'}
    dev: true

  /inflation/2.0.0:
    resolution: {integrity: sha1-i0F+R8KPklpFEz2RTKH9OJEH8w8=}
    engines: {node: '>= 0.8.0'}
    dev: false

  /inherits/2.0.4:
    resolution: {integrity: sha1-D6LGT5MpF8NDOg3tVTY6rjdBa3w=}
    dev: false

  /ini/1.3.8:
    resolution: {integrity: sha1-op2kJbSIBvNHZ6Tvzjlyaa8oQyw=}
    dev: true

  /ini/2.0.0:
    resolution: {integrity: sha1-5f1Vbs3VcmvpePoQAYYurLCpS8U=}
    engines: {node: '>=10'}
    dev: true

  /is-binary-path/2.1.0:
    resolution: {integrity: sha512-ZMERYes6pDydyuGidse7OsHxtbI7WVeUEozgR/g7rd0xUimYNlvZRE/K2MgZTjWy725IfelLeVcEM97mmtRGXw==}
    engines: {node: '>=8'}
    dependencies:
      binary-extensions: 2.2.0
    dev: true

  /is-ci/2.0.0:
    resolution: {integrity: sha512-YfJT7rkpQB0updsdHLGWrvhBJfcfzNNawYDNIyQXJz0IViGf75O8EBPKSdvw2rF+LGCsX4FZ8tcr3b19LcZq4w==}
    hasBin: true
    dependencies:
      ci-info: 2.0.0
    dev: true

  /is-extglob/2.1.1:
    resolution: {integrity: sha1-qIwCU1eR8C7TfHahueqXc8gz+MI=}
    engines: {node: '>=0.10.0'}
    dev: true

  /is-fullwidth-code-point/3.0.0:
    resolution: {integrity: sha512-zymm5+u+sCsSWyD9qNaejV3DFvhCKclKdizYaJUuHA83RLjb7nSuGnddCHGv0hk+KY7BMAlsWeK4Ueg6EV6XQg==}
    engines: {node: '>=8'}
    dev: true

  /is-generator-function/1.0.10:
    resolution: {integrity: sha1-8VWLrxrBfg3up8BBXEODUf8rPHI=}
    engines: {node: '>= 0.4'}
    dependencies:
      has-tostringtag: 1.0.0
    dev: false

  /is-glob/4.0.3:
    resolution: {integrity: sha1-ZPYeQsu7LuwgcanawLKLoeZdUIQ=}
    engines: {node: '>=0.10.0'}
    dependencies:
      is-extglob: 2.1.1
    dev: true

  /is-installed-globally/0.4.0:
    resolution: {integrity: sha1-mg/UB5ScMPhutpWe8beZTtC3tSA=}
    engines: {node: '>=10'}
    dependencies:
      global-dirs: 3.0.0
      is-path-inside: 3.0.3
    dev: true

  /is-npm/5.0.0:
    resolution: {integrity: sha1-Q+jWXMVuG2f41HJiz2ZwmRk/Rag=}
    engines: {node: '>=10'}
    dev: true

  /is-number/7.0.0:
    resolution: {integrity: sha512-41Cifkg6e8TylSpdtTpeLVMqvSBEVzTttHvERD741+pnZ8ANv0004MRL43QKPDlK9cGvNp6NZWZUBlbGXYxxng==}
    engines: {node: '>=0.12.0'}
    dev: true

  /is-obj/2.0.0:
    resolution: {integrity: sha512-drqDG3cbczxxEJRoOXcOjtdp1J/lyp1mNn0xaznRs8+muBhgQcrnbspox5X5fOw0HnMnbfDzvnEMEtqDEJEo8w==}
    engines: {node: '>=8'}
    dev: true

  /is-path-inside/3.0.3:
    resolution: {integrity: sha1-0jE2LlOgf/Kw4Op/7QSRYf/RYoM=}
    engines: {node: '>=8'}
    dev: true

  /is-typedarray/1.0.0:
    resolution: {integrity: sha1-5HnICFjfDBsR3dppQPlgEfzaSpo=}
    dev: true

  /is-yarn-global/0.3.0:
    resolution: {integrity: sha1-1QLTOCWQ6jAEiTdGdUyJE5lz4jI=}
    dev: true

  /json-buffer/3.0.0:
    resolution: {integrity: sha1-Wx85evx11ne96Lz8Dkfh+aPZqJg=}
    dev: true

  /keygrip/1.1.0:
    resolution: {integrity: sha1-hxsWgdXhWcYqRFsMdLYV4JF+ciY=}
    engines: {node: '>= 0.6'}
    dependencies:
      tsscmp: 1.0.6
    dev: false

  /keyv/3.1.0:
    resolution: {integrity: sha512-9ykJ/46SN/9KPM/sichzQ7OvXyGDYKGTaDlKMGCAlg2UK8KRy4jb0d8sFc+0Tt0YYnThq8X2RZgCg74RPxgcVA==}
    dependencies:
      json-buffer: 3.0.0
    dev: true

  /koa-body/4.2.0:
    resolution: {integrity: sha1-NyKSCLggdhrKWCLRTF/FXO4xsm8=}
    dependencies:
      '@types/formidable': 1.2.5
      co-body: 5.2.0
      formidable: 1.2.2
    dev: false

  /koa-compose/4.1.0:
    resolution: {integrity: sha512-8ODW8TrDuMYvXRwra/Kh7/rJo9BtOfPc6qO8eAfC80CnCvSjSl0bkRM24X6/XBBEyj0v1nRUQ1LyOy3dbqOWXw==}
    dev: false

  /koa-convert/2.0.0:
    resolution: {integrity: sha1-hqDETYHUBVG64i/uZwmQRXPupPU=}
    engines: {node: '>= 10'}
    dependencies:
      co: 4.6.0
      koa-compose: 4.1.0
    dev: false

  /koa-logger/3.2.1:
    resolution: {integrity: sha1-q524eVJts4N8yc5P2YPAJbFonyI=}
    engines: {node: '>= 7.6.0'}
    dependencies:
      bytes: 3.1.2
      chalk: 2.4.2
      humanize-number: 0.0.2
      passthrough-counter: 1.0.0
    dev: false

  /koa-router/10.1.1:
    resolution: {integrity: sha1-IICfgmSFGLhHJs1EUDeBPNmfF/8=}
    engines: {node: '>= 8.0.0'}
    dependencies:
      debug: 4.3.4
      http-errors: 1.8.1
      koa-compose: 4.1.0
      methods: 1.1.2
      path-to-regexp: 6.2.0
    transitivePeerDependencies:
      - supports-color
    dev: false

  /koa/2.13.4:
    resolution: {integrity: sha1-7lsMs54LgGnDjRFROcd0gz0yRi4=}
    engines: {node: ^4.8.4 || ^6.10.1 || ^7.10.1 || >= 8.1.4}
    dependencies:
      accepts: 1.3.8
      cache-content-type: 1.0.1
      content-disposition: 0.5.4
      content-type: 1.0.4
      cookies: 0.8.0
      debug: 4.3.4
      delegates: 1.0.0
      depd: 2.0.0
      destroy: 1.2.0
      encodeurl: 1.0.2
      escape-html: 1.0.3
      fresh: 0.5.2
      http-assert: 1.5.0
      http-errors: 1.8.1
      is-generator-function: 1.0.10
      koa-compose: 4.1.0
      koa-convert: 2.0.0
      on-finished: 2.4.1
      only: 0.0.2
      parseurl: 1.3.3
      statuses: 1.5.0
      type-is: 1.6.18
      vary: 1.1.2
    transitivePeerDependencies:
      - supports-color
    dev: false

  /latest-version/5.1.0:
    resolution: {integrity: sha512-weT+r0kTkRQdCdYCNtkMwWXQTMEswKrFBkm4ckQOMVhhqhIMI1UT2hMj+1iigIhgSZm5gTmrRXBNoGUgaTY1xA==}
    engines: {node: '>=8'}
    dependencies:
      package-json: 6.5.0
    dev: true

  /lowercase-keys/1.0.1:
    resolution: {integrity: sha512-G2Lj61tXDnVFFOi8VZds+SoQjtQC3dgokKdDG2mTm1tx4m50NUHBOZSBwQQHyy0V12A0JTG4icfZQH+xPyh8VA==}
    engines: {node: '>=0.10.0'}
    dev: true

  /lowercase-keys/2.0.0:
    resolution: {integrity: sha512-tqNXrS78oMOE73NMxK4EMLQsQowWf8jKooH9g7xPavRT706R6bkQJ6DY2Te7QukaZsulxa30wQ7bk0pm4XiHmA==}
    engines: {node: '>=8'}
    dev: true

  /lru-cache/6.0.0:
    resolution: {integrity: sha1-bW/mVw69lqr5D8rR2vo7JWbbOpQ=}
    engines: {node: '>=10'}
    dependencies:
      yallist: 4.0.0
    dev: true

  /make-dir/3.1.0:
    resolution: {integrity: sha1-QV6WcEazp/HRhSd9hKpYIDcmoT8=}
    engines: {node: '>=8'}
    dependencies:
      semver: 6.3.0
    dev: true

  /make-error/1.3.6:
    resolution: {integrity: sha1-LrLjfqm2fEiR9oShOUeZr0hM96I=}
    dev: false

  /media-typer/0.3.0:
    resolution: {integrity: sha1-hxDXrwqmJvj/+hzgAWhUUmMlV0g=}
    engines: {node: '>= 0.6'}
    dev: false

  /methods/1.1.2:
    resolution: {integrity: sha1-VSmk1nZUE07cxSZmVoNbD4Ua/O4=}
    engines: {node: '>= 0.6'}
    dev: false

  /mime-db/1.52.0:
    resolution: {integrity: sha512-sPU4uV7dYlvtWJxwwxHD0PuihVNiE7TyAbQ5SWxDCB9mUYvOgroQOwYQQOKPJ8CIbE+1ETVlOoK1UC2nU3gYvg==}
    engines: {node: '>= 0.6'}
    dev: false

  /mime-types/2.1.35:
    resolution: {integrity: sha512-ZDY+bPm5zTTF+YpCrAU9nK0UgICYPT0QtT1NZWFv4s++TNkcgVaT0g6+4R2uI4MjQjzysHB1zxuWL50hzaeXiw==}
    engines: {node: '>= 0.6'}
    dependencies:
      mime-db: 1.52.0
    dev: false

  /mimic-response/1.0.1:
    resolution: {integrity: sha512-j5EctnkH7amfV/q5Hgmoal1g2QHFJRraOtmx0JpIqkxhBhI/lJSl1nMpQ45hVarwNETOoWEimndZ4QK0RHxuxQ==}
    engines: {node: '>=4'}
    dev: true

  /minimatch/3.1.2:
    resolution: {integrity: sha512-J7p63hRiAjw1NDEww1W7i37+ByIrOWO5XQQAzZ3VOcL0PNybwpfmV/N05zFAzwQ9USyEcX6t3UO+K5aqBQOIHw==}
    dependencies:
      brace-expansion: 1.1.11
    dev: true

  /minimist/1.2.6:
    resolution: {integrity: sha512-Jsjnk4bw3YJqYzbdyBiNsPWHPfO++UGG749Cxs6peCu5Xg4nrena6OVxOYxrQTqww0Jmwt+Ref8rggumkTLz9Q==}
    dev: true

  /ms/2.1.2:
    resolution: {integrity: sha1-0J0fNXtEP0kzgqjrPM0YOHKuYAk=}
    dev: false

  /ms/2.1.3:
    resolution: {integrity: sha1-V0yBOM4dK1hh8LRFedut1gxmFbI=}
    dev: true

  /negotiator/0.6.3:
    resolution: {integrity: sha512-+EUsqGPLsM+j/zdChZjsnX51g4XrHFOIXwfnCVPGlQk/k5giakcKsuxCObBRu6DSm9opw/O6slWbJdghQM4bBg==}
    engines: {node: '>= 0.6'}
    dev: false

  /nodemon/2.0.16:
    resolution: {integrity: sha512-zsrcaOfTWRuUzBn3P44RDliLlp263Z/76FPoHFr3cFFkOz0lTPAcIw8dCzfdVIx/t3AtDYCZRCDkoCojJqaG3w==}
    engines: {node: '>=8.10.0'}
    hasBin: true
    requiresBuild: true
    dependencies:
      chokidar: 3.5.3
      debug: 3.2.7
      ignore-by-default: 1.0.1
      minimatch: 3.1.2
      pstree.remy: 1.1.8
      semver: 5.7.1
      supports-color: 5.5.0
      touch: 3.1.0
      undefsafe: 2.0.5
      update-notifier: 5.1.0
    dev: true

  /nopt/1.0.10:
    resolution: {integrity: sha1-bd0hvSoxQXuScn3Vhfim83YI6+4=}
    hasBin: true
    dependencies:
      abbrev: 1.1.1
    dev: true

  /normalize-path/3.0.0:
    resolution: {integrity: sha512-6eZs5Ls3WtCisHWp9S2GUy8dqkpGi4BVSz3GaqiE6ezub0512ESztXUwUB6C6IKbQkY2Pnb/mD4WYojCRwcwLA==}
    engines: {node: '>=0.10.0'}
    dev: true

  /normalize-url/4.5.1:
    resolution: {integrity: sha1-DdkM8SiO4dExO4cIHJpZMu5IUYo=}
    engines: {node: '>=8'}
    dev: true

  /object-inspect/1.12.0:
    resolution: {integrity: sha512-Ho2z80bVIvJloH+YzRmpZVQe87+qASmBUKZDWgx9cu+KDrX2ZDH/3tMy+gXbZETVGs2M8YdxObOh7XAtim9Y0g==}
    dev: false

  /on-finished/2.4.1:
    resolution: {integrity: sha512-oVlzkg3ENAhCk2zdv7IJwd/QUD4z2RxRwpkcGY8psCVcCYZNq4wYnVWALHM+brtuJjePWiYF/ClmuDr8Ch5+kg==}
    engines: {node: '>= 0.8'}
    dependencies:
      ee-first: 1.1.1
    dev: false

  /once/1.4.0:
    resolution: {integrity: sha1-WDsap3WWHUsROsF9nFC6753Xa9E=}
    dependencies:
      wrappy: 1.0.2
    dev: true

  /only/0.0.2:
    resolution: {integrity: sha1-Kv3oTQPlC5qO3EROMGEKcCle37Q=}
    dev: false

  /p-cancelable/1.1.0:
    resolution: {integrity: sha512-s73XxOZ4zpt1edZYZzvhqFa6uvQc1vwUa0K0BdtIZgQMAJj9IbebH+JkgKZc9h+B05PKHLOTl4ajG1BmNrVZlw==}
    engines: {node: '>=6'}
    dev: true

  /package-json/6.5.0:
    resolution: {integrity: sha1-b+7ayjXnVyWHbQsOZJdGl/7RRbA=}
    engines: {node: '>=8'}
    dependencies:
      got: 9.6.0
      registry-auth-token: 4.2.1
      registry-url: 5.1.0
      semver: 6.3.0
    dev: true

  /parseurl/1.3.3:
    resolution: {integrity: sha512-CiyeOxFT/JZyN5m0z9PfXw4SCBJ6Sygz1Dpl0wqjlhDEGGBP1GnsUVEL0p63hoG1fcj3fHynXi9NYO4nWOL+qQ==}
    engines: {node: '>= 0.8'}
    dev: false

  /passthrough-counter/1.0.0:
    resolution: {integrity: sha1-GWfZ5m2lcrXAI8eH2xEqOHqxZvo=}
    dev: false

  /path-to-regexp/6.2.0:
    resolution: {integrity: sha1-97OAMzYQTDRoia3s5hRmkjBkXzg=}
    dev: false

  /picomatch/2.3.1:
    resolution: {integrity: sha512-JU3teHTNjmE2VCGFzuY8EXzCDVwEqB2a8fsIvwaStHhAWJEeVd1o1QD80CU6+ZdEXXSLbSsuLwJjkCBWqRQUVA==}
    engines: {node: '>=8.6'}
    dev: true

  /prepend-http/2.0.0:
    resolution: {integrity: sha1-6SQ0v6XqjBn0HN/UAddBo8gZ2Jc=}
    engines: {node: '>=4'}
    dev: true

  /pstree.remy/1.1.8:
    resolution: {integrity: sha1-wkIiT0pnwh9oaDm720rCgrg3PTo=}
    dev: true

  /pump/3.0.0:
    resolution: {integrity: sha512-LwZy+p3SFs1Pytd/jYct4wpv49HiYCqd9Rlc5ZVdk0V+8Yzv6jR5Blk3TRmPL1ft69TxP0IMZGJ+WPFU2BFhww==}
    dependencies:
      end-of-stream: 1.4.4
      once: 1.4.0
    dev: true

  /pupa/2.1.1:
    resolution: {integrity: sha1-9ej9SvwsXZeCj6pSNUnth0SiDWI=}
    engines: {node: '>=8'}
    dependencies:
      escape-goat: 2.1.1
    dev: true

  /qs/6.10.3:
    resolution: {integrity: sha512-wr7M2E0OFRfIfJZjKGieI8lBKb7fRCH4Fv5KNPEs7gJ8jadvotdsS08PzOKR7opXhZ/Xkjtt3WF9g38drmyRqQ==}
    engines: {node: '>=0.6'}
    dependencies:
      side-channel: 1.0.4
    dev: false

  /raw-body/2.5.1:
    resolution: {integrity: sha512-qqJBtEyVgS0ZmPGdCFPWJ3FreoqvG4MVQln/kCgF7Olq95IbOp0/BWyMwbdtn4VTvkM8Y7khCQ2Xgk/tcrCXig==}
    engines: {node: '>= 0.8'}
    dependencies:
      bytes: 3.1.2
      http-errors: 2.0.0
      iconv-lite: 0.4.24
      unpipe: 1.0.0
    dev: false

  /rc/1.2.8:
    resolution: {integrity: sha512-y3bGgqKj3QBdxLbLkomlohkvsA8gdAiUQlSBJnBhfn+BPxg4bc62d8TcBW15wavDfgexCgccckhcZvywyQYPOw==}
    hasBin: true
    dependencies:
      deep-extend: 0.6.0
      ini: 1.3.8
      minimist: 1.2.6
      strip-json-comments: 2.0.1
    dev: true

  /readdirp/3.6.0:
    resolution: {integrity: sha1-dKNwvYVxFuJFspzJc0DNQxoCpsc=}
    engines: {node: '>=8.10.0'}
    dependencies:
      picomatch: 2.3.1
    dev: true

  /registry-auth-token/4.2.1:
    resolution: {integrity: sha1-bXtABkQZGJcszV/tzUHcMix5slA=}
    engines: {node: '>=6.0.0'}
    dependencies:
      rc: 1.2.8
    dev: true

  /registry-url/5.1.0:
    resolution: {integrity: sha512-8acYXXTI0AkQv6RAOjE3vOaIXZkT9wo4LOFbBKYQEEnnMNBpKqdUrI6S4NT0KPIo/WVvJ5tE/X5LF/TQUf0ekw==}
    engines: {node: '>=8'}
    dependencies:
      rc: 1.2.8
    dev: true

  /responselike/1.0.2:
    resolution: {integrity: sha1-kYcg7ztjHFZCvgaPFa3lpG9Loec=}
    dependencies:
      lowercase-keys: 1.0.1
    dev: true

  /safe-buffer/5.2.1:
    resolution: {integrity: sha1-Hq+fqb2x/dTsdfWPnNtOa3gn7sY=}
    dev: false

  /safer-buffer/2.1.2:
    resolution: {integrity: sha512-YZo3K82SD7Riyi0E1EQPojLz7kpepnSQI9IyPbHHg1XXXevb5dJI7tpyN2ADxGcQbHG7vcyRHk0cbwqcQriUtg==}
    dev: false

  /semver-diff/3.1.1:
    resolution: {integrity: sha1-Bfd85Z8yXgDicGr9Z7tQbdscoys=}
    engines: {node: '>=8'}
    dependencies:
      semver: 6.3.0
    dev: true

  /semver/5.7.1:
    resolution: {integrity: sha1-qVT5Ma66UI0we78Gnv8MAclhFvc=}
    hasBin: true
    dev: true

  /semver/6.3.0:
    resolution: {integrity: sha1-7gpkyK9ejO6mdoexM3YeG+y9HT0=}
    hasBin: true
    dev: true

  /semver/7.3.7:
    resolution: {integrity: sha512-QlYTucUYOews+WeEujDoEGziz4K6c47V/Bd+LjSSYcA94p+DmINdf7ncaUinThfvZyu13lN9OY1XDxt8C0Tw0g==}
    engines: {node: '>=10'}
    hasBin: true
    dependencies:
      lru-cache: 6.0.0
    dev: true

  /setprototypeof/1.2.0:
    resolution: {integrity: sha1-ZsmiSnP5/CjL5msJ/tPTPcrxtCQ=}
    dev: false

  /side-channel/1.0.4:
    resolution: {integrity: sha1-785cj9wQTudRslxY1CkAEfpeos8=}
    dependencies:
      call-bind: 1.0.2
      get-intrinsic: 1.1.1
      object-inspect: 1.12.0
    dev: false

  /signal-exit/3.0.7:
    resolution: {integrity: sha512-wnD2ZE+l+SPC/uoS0vXeE9L1+0wuaMqKlfz9AMUo38JsyLSBWSFcHR1Rri62LZc12vLr1gb3jl7iwQhgwpAbGQ==}
    dev: true

  /statuses/1.5.0:
    resolution: {integrity: sha1-Fhx9rBd2Wf2YEfQ3cfqZOBR4Yow=}
    engines: {node: '>= 0.6'}
    dev: false

  /statuses/2.0.1:
    resolution: {integrity: sha1-VcsADM8dSHKL0jxoWgY5mM8aG2M=}
    engines: {node: '>= 0.8'}
    dev: false

  /string-width/4.2.3:
    resolution: {integrity: sha1-JpxxF9J7Ba0uU2gwqOyJXvnG0BA=}
    engines: {node: '>=8'}
    dependencies:
      emoji-regex: 8.0.0
      is-fullwidth-code-point: 3.0.0
      strip-ansi: 6.0.1
    dev: true

  /strip-ansi/6.0.1:
    resolution: {integrity: sha1-nibGPTD1NEPpSJSVshBdN7Z6hdk=}
    engines: {node: '>=8'}
    dependencies:
      ansi-regex: 5.0.1
    dev: true

  /strip-json-comments/2.0.1:
    resolution: {integrity: sha1-PFMZQukIwml8DsNEhYwobHygpgo=}
    engines: {node: '>=0.10.0'}
    dev: true

  /supports-color/5.5.0:
    resolution: {integrity: sha512-QjVjwdXIt408MIiAqCX4oUKsgU2EqAGzs2Ppkm4aQYbjm+ZEWEcW4SfFNTr4uMNZma0ey4f5lgLrkB0aX0QMow==}
    engines: {node: '>=4'}
    dependencies:
      has-flag: 3.0.0

  /supports-color/7.2.0:
    resolution: {integrity: sha1-G33NyzK4E4gBs+R4umpRyqiWSNo=}
    engines: {node: '>=8'}
    dependencies:
      has-flag: 4.0.0
    dev: true

  /to-readable-stream/1.0.0:
    resolution: {integrity: sha512-Iq25XBt6zD5npPhlLVXGFN3/gyR2/qODcKNNyTMd4vbm39HUaOiAM4PMq0eMVC/Tkxz+Zjdsc55g9yyz+Yq00Q==}
    engines: {node: '>=6'}
    dev: true

  /to-regex-range/5.0.1:
    resolution: {integrity: sha512-65P7iz6X5yEr1cwcgvQxbbIw7Uk3gOy5dIdtZ4rDveLqhrdJP+Li/Hx6tyK0NEb+2GCyneCMJiGqrADCSNk8sQ==}
    engines: {node: '>=8.0'}
    dependencies:
      is-number: 7.0.0
    dev: true

  /toidentifier/1.0.1:
    resolution: {integrity: sha1-O+NDIaiKgg7RvYDfqjPkefu43TU=}
    engines: {node: '>=0.6'}
    dev: false

  /touch/3.1.0:
    resolution: {integrity: sha512-WBx8Uy5TLtOSRtIq+M03/sKDrXCLHxwDcquSP2c43Le03/9serjQBIztjRz6FkJez9D/hleyAXTBGLwwZUw9lA==}
    hasBin: true
    dependencies:
      nopt: 1.0.10
    dev: true

  /ts-node/10.7.0_fd4b5ff48b408bf425abfec4a641da13:
    resolution: {integrity: sha512-TbIGS4xgJoX2i3do417KSaep1uRAW/Lu+WAL2doDHC0D6ummjirVOXU5/7aiZotbQ5p1Zp9tP7U6cYhA0O7M8A==}
    hasBin: true
    peerDependencies:
      '@swc/core': '>=1.2.50'
      '@swc/wasm': '>=1.2.50'
      '@types/node': '*'
      typescript: '>=2.7'
    peerDependenciesMeta:
      '@swc/core':
        optional: true
      '@swc/wasm':
        optional: true
    dependencies:
      '@cspotcode/source-map-support': 0.7.0
      '@tsconfig/node10': 1.0.8
      '@tsconfig/node12': 1.0.9
      '@tsconfig/node14': 1.0.1
      '@tsconfig/node16': 1.0.2
      '@types/node': 16.11.33
      acorn: 8.7.1
      acorn-walk: 8.2.0
      arg: 4.1.3
      create-require: 1.1.1
      diff: 4.0.2
      make-error: 1.3.6
      typescript: 4.6.4
      v8-compile-cache-lib: 3.0.1
      yn: 3.1.1
    dev: false

  /tsscmp/1.0.6:
    resolution: {integrity: sha512-LxhtAkPDTkVCMQjt2h6eBVY28KCjikZqZfMcC15YBeNjkgUpdCfBu5HoiOTDu86v6smE8yOjyEktJ8hlbANHQA==}
    engines: {node: '>=0.6.x'}
    dev: false

  /type-fest/0.20.2:
    resolution: {integrity: sha1-G/IH9LKPkVg2ZstfvTJ4hzAc1fQ=}
    engines: {node: '>=10'}
    dev: true

  /type-is/1.6.18:
    resolution: {integrity: sha512-TkRKr9sUTxEH8MdfuCSP7VizJyzRNMjj2J2do2Jr3Kym598JVdEksuzPQCnlFPW4ky9Q+iA+ma9BGm06XQBy8g==}
    engines: {node: '>= 0.6'}
    dependencies:
      media-typer: 0.3.0
      mime-types: 2.1.35
    dev: false

  /typedarray-to-buffer/3.1.5:
    resolution: {integrity: sha1-qX7nqf9CaRufeD/xvFES/j/KkIA=}
    dependencies:
      is-typedarray: 1.0.0
    dev: true

  /typescript/4.6.4:
    resolution: {integrity: sha512-9ia/jWHIEbo49HfjrLGfKbZSuWo9iTMwXO+Ca3pRsSpbsMbc7/IU8NKdCZVRRBafVPGnoJeFL76ZOAA84I9fEg==}
    engines: {node: '>=4.2.0'}
    hasBin: true
    dev: true

  /undefsafe/2.0.5:
    resolution: {integrity: sha1-OHM7kye9zSJtuIn7cjpu/RYubiw=}
    dev: true

  /unique-string/2.0.0:
    resolution: {integrity: sha512-uNaeirEPvpZWSgzwsPGtU2zVSTrn/8L5q/IexZmH0eH6SA73CmAA5U4GwORTxQAZs95TAXLNqeLoPPNO5gZfWg==}
    engines: {node: '>=8'}
    dependencies:
      crypto-random-string: 2.0.0
    dev: true

  /unpipe/1.0.0:
    resolution: {integrity: sha1-sr9O6FFKrmFltIF4KdIbLvSZBOw=}
    engines: {node: '>= 0.8'}
    dev: false

  /update-notifier/5.1.0:
    resolution: {integrity: sha1-SrDXx/NqIx3XMWz3cpMT8CFNmtk=}
    engines: {node: '>=10'}
    dependencies:
      boxen: 5.1.2
      chalk: 4.1.2
      configstore: 5.0.1
      has-yarn: 2.1.0
      import-lazy: 2.1.0
      is-ci: 2.0.0
      is-installed-globally: 0.4.0
      is-npm: 5.0.0
      is-yarn-global: 0.3.0
      latest-version: 5.1.0
      pupa: 2.1.1
      semver: 7.3.7
      semver-diff: 3.1.1
      xdg-basedir: 4.0.0
    dev: true

  /url-parse-lax/3.0.0:
    resolution: {integrity: sha1-FrXK/Afb42dsGxmZF3gj1lA6yww=}
    engines: {node: '>=4'}
    dependencies:
      prepend-http: 2.0.0
    dev: true

  /v8-compile-cache-lib/3.0.1:
    resolution: {integrity: sha512-wa7YjyUGfNZngI/vtK0UHAN+lgDCxBPCylVXGp0zu59Fz5aiGtNXaq3DhIov063MorB+VfufLh3JlF2KdTK3xg==}
    dev: false

  /vary/1.1.2:
    resolution: {integrity: sha1-IpnwLG3tMNSllhsLn3RSShj2NPw=}
    engines: {node: '>= 0.8'}
    dev: false

  /widest-line/3.1.0:
    resolution: {integrity: sha512-NsmoXalsWVDMGupxZ5R08ka9flZjjiLvHVAWYOKtiKM8ujtZWr9cRffak+uSE48+Ob8ObalXpwyeUiyDD6QFgg==}
    engines: {node: '>=8'}
    dependencies:
      string-width: 4.2.3
    dev: true

  /wrap-ansi/7.0.0:
    resolution: {integrity: sha1-Z+FFz/UQpqaYS98RUpEdadLrnkM=}
    engines: {node: '>=10'}
    dependencies:
      ansi-styles: 4.3.0
      string-width: 4.2.3
      strip-ansi: 6.0.1
    dev: true

  /wrappy/1.0.2:
    resolution: {integrity: sha1-tSQ9jz7BqjXxNkYFvA0QNuMKtp8=}
    dev: true

  /write-file-atomic/3.0.3:
    resolution: {integrity: sha1-Vr1cWlxwSBzRnFcb05q5ZaXeVug=}
    dependencies:
      imurmurhash: 0.1.4
      is-typedarray: 1.0.0
      signal-exit: 3.0.7
      typedarray-to-buffer: 3.1.5
    dev: true

  /xdg-basedir/4.0.0:
    resolution: {integrity: sha512-PSNhEJDejZYV7h50BohL09Er9VaIefr2LMAf3OEmpCkjOi34eYyQYAXUTjEQtZJTKcF0E2UKTh+osDLsgNim9Q==}
    engines: {node: '>=8'}
    dev: true

  /yallist/4.0.0:
    resolution: {integrity: sha1-m7knkNnA7/7GO+c1GeEaNQGaOnI=}
    dev: true

  /ylru/1.3.2:
    resolution: {integrity: sha512-RXRJzMiK6U2ye0BlGGZnmpwJDPgakn6aNQ0A7gHRbD4I0uvK4TW6UqkK1V0pp9jskjJBAXd3dRrbzWkqJ+6cxA==}
    engines: {node: '>= 4.0.0'}
    dev: false

  /yn/3.1.1:
    resolution: {integrity: sha1-HodAGgnXZ8HV6rJqbkwYUYLS61A=}
    engines: {node: '>=6'}
    dev: false
